// !$*UTF8*$!
{
	archiveVersion = 1;
	classes = {
	};
	objectVersion = 56;
	objects = {

/* Begin PBXBuildFile section */
		90315A672A8B74FA00D2258D /* AppDelegate.swift in Sources */ = {isa = PBXBuildFile; fileRef = 90315A662A8B74FA00D2258D /* AppDelegate.swift */; };
		90315A692A8B74FA00D2258D /* SceneDelegate.swift in Sources */ = {isa = PBXBuildFile; fileRef = 90315A682A8B74FA00D2258D /* SceneDelegate.swift */; };
		90315A712A8B74FB00D2258D /* Movies.xcdatamodeld in Sources */ = {isa = PBXBuildFile; fileRef = 90315A6F2A8B74FB00D2258D /* Movies.xcdatamodeld */; };
		90315A732A8B74FD00D2258D /* Assets.xcassets in Resources */ = {isa = PBXBuildFile; fileRef = 90315A722A8B74FD00D2258D /* Assets.xcassets */; };
		90315A762A8B74FD00D2258D /* LaunchScreen.storyboard in Resources */ = {isa = PBXBuildFile; fileRef = 90315A742A8B74FD00D2258D /* LaunchScreen.storyboard */; };
		904DC9A62A8B78F900115DCC /* FavoriteViewController.swift in Sources */ = {isa = PBXBuildFile; fileRef = 904DC9722A8B78F800115DCC /* FavoriteViewController.swift */; };
		904DC9A72A8B78F900115DCC /* FavoriteViewController+Constants.swift in Sources */ = {isa = PBXBuildFile; fileRef = 904DC9742A8B78F800115DCC /* FavoriteViewController+Constants.swift */; };
		904DC9A82A8B78F900115DCC /* FavoriteCollectionViewCell.swift in Sources */ = {isa = PBXBuildFile; fileRef = 904DC9772A8B78F800115DCC /* FavoriteCollectionViewCell.swift */; };
		904DC9A92A8B78F900115DCC /* MovieGenreCollectionViewCell.swift in Sources */ = {isa = PBXBuildFile; fileRef = 904DC97D2A8B78F800115DCC /* MovieGenreCollectionViewCell.swift */; };
		904DC9AA2A8B78F900115DCC /* GenreCollectionViewCell+Constants.swift in Sources */ = {isa = PBXBuildFile; fileRef = 904DC97F2A8B78F800115DCC /* GenreCollectionViewCell+Constants.swift */; };
		904DC9AB2A8B78F900115DCC /* MovieCollectionViewCell+Constants.swift in Sources */ = {isa = PBXBuildFile; fileRef = 904DC9822A8B78F800115DCC /* MovieCollectionViewCell+Constants.swift */; };
		904DC9AC2A8B78F900115DCC /* MoviesCollectionViewCell.swift in Sources */ = {isa = PBXBuildFile; fileRef = 904DC9832A8B78F800115DCC /* MoviesCollectionViewCell.swift */; };
		904DC9AD2A8B78F900115DCC /* HomeViewController+Constants.swift in Sources */ = {isa = PBXBuildFile; fileRef = 904DC9852A8B78F800115DCC /* HomeViewController+Constants.swift */; };
		904DC9AE2A8B78F900115DCC /* HomeViewController.swift in Sources */ = {isa = PBXBuildFile; fileRef = 904DC9862A8B78F800115DCC /* HomeViewController.swift */; };
		904DC9AF2A8B78F900115DCC /* TabBarViewController.swift in Sources */ = {isa = PBXBuildFile; fileRef = 904DC9882A8B78F800115DCC /* TabBarViewController.swift */; };
		904DC9B02A8B78F900115DCC /* UIView+Rotation.swift in Sources */ = {isa = PBXBuildFile; fileRef = 904DC98C2A8B78F900115DCC /* UIView+Rotation.swift */; };
		904DC9B12A8B78F900115DCC /* SearchView.swift in Sources */ = {isa = PBXBuildFile; fileRef = 904DC98F2A8B78F900115DCC /* SearchView.swift */; };
		904DC9B22A8B78F900115DCC /* SearchView+Constants.swift in Sources */ = {isa = PBXBuildFile; fileRef = 904DC9912A8B78F900115DCC /* SearchView+Constants.swift */; };
		904DC9B32A8B78F900115DCC /* TabBarEnum.swift in Sources */ = {isa = PBXBuildFile; fileRef = 904DC9932A8B78F900115DCC /* TabBarEnum.swift */; };
		904DC9B42A8B78F900115DCC /* FilterImageView+Constants.swift in Sources */ = {isa = PBXBuildFile; fileRef = 904DC9962A8B78F900115DCC /* FilterImageView+Constants.swift */; };
		904DC9B52A8B78F900115DCC /* FilterButtonView.swift in Sources */ = {isa = PBXBuildFile; fileRef = 904DC9972A8B78F900115DCC /* FilterButtonView.swift */; };
		904DC9B62A8B78F900115DCC /* EmptyViewStates+Constants.swift in Sources */ = {isa = PBXBuildFile; fileRef = 904DC99B2A8B78F900115DCC /* EmptyViewStates+Constants.swift */; };
		904DC9B72A8B78F900115DCC /* EmptyStateView.swift in Sources */ = {isa = PBXBuildFile; fileRef = 904DC99C2A8B78F900115DCC /* EmptyStateView.swift */; };
		904DC9B82A8B78F900115DCC /* ErrorStateView.swift in Sources */ = {isa = PBXBuildFile; fileRef = 904DC99E2A8B78F900115DCC /* ErrorStateView.swift */; };
		904DC9B92A8B78F900115DCC /* ErrorStateView+Constants.swift in Sources */ = {isa = PBXBuildFile; fileRef = 904DC9A02A8B78F900115DCC /* ErrorStateView+Constants.swift */; };
		904DC9BA2A8B78F900115DCC /* Movie.swift in Sources */ = {isa = PBXBuildFile; fileRef = 904DC9A22A8B78F900115DCC /* Movie.swift */; };
		904DC9BB2A8B78F900115DCC /* MockData.swift in Sources */ = {isa = PBXBuildFile; fileRef = 904DC9A42A8B78F900115DCC /* MockData.swift */; };
		904DC9BC2A8B78F900115DCC /* README.md in Resources */ = {isa = PBXBuildFile; fileRef = 904DC9A52A8B78F900115DCC /* README.md */; };
		904DC9BF2A8B7B6800115DCC /* FavoriteViewCell+Constants.swift in Sources */ = {isa = PBXBuildFile; fileRef = 904DC9BE2A8B7B6800115DCC /* FavoriteViewCell+Constants.swift */; };
		904DC9C32A8B805000115DCC /* MovieDetailsViewController+Constants.swift in Sources */ = {isa = PBXBuildFile; fileRef = 904DC9C22A8B805000115DCC /* MovieDetailsViewController+Constants.swift */; };
		904DC9C52A8B808700115DCC /* MovieDetailsController.swift in Sources */ = {isa = PBXBuildFile; fileRef = 904DC9C42A8B808700115DCC /* MovieDetailsController.swift */; };
/* End PBXBuildFile section */

/* Begin PBXFileReference section */
		90315A632A8B74FA00D2258D /* Movies.app */ = {isa = PBXFileReference; explicitFileType = wrapper.application; includeInIndex = 0; path = Movies.app; sourceTree = BUILT_PRODUCTS_DIR; };
		90315A662A8B74FA00D2258D /* AppDelegate.swift */ = {isa = PBXFileReference; lastKnownFileType = sourcecode.swift; path = AppDelegate.swift; sourceTree = "<group>"; };
		90315A682A8B74FA00D2258D /* SceneDelegate.swift */ = {isa = PBXFileReference; lastKnownFileType = sourcecode.swift; path = SceneDelegate.swift; sourceTree = "<group>"; };
		90315A702A8B74FB00D2258D /* Movies.xcdatamodel */ = {isa = PBXFileReference; lastKnownFileType = wrapper.xcdatamodel; path = Movies.xcdatamodel; sourceTree = "<group>"; };
		90315A722A8B74FD00D2258D /* Assets.xcassets */ = {isa = PBXFileReference; lastKnownFileType = folder.assetcatalog; path = Assets.xcassets; sourceTree = "<group>"; };
		90315A752A8B74FD00D2258D /* Base */ = {isa = PBXFileReference; lastKnownFileType = file.storyboard; name = Base; path = Base.lproj/LaunchScreen.storyboard; sourceTree = "<group>"; };
		90315A772A8B74FD00D2258D /* Info.plist */ = {isa = PBXFileReference; lastKnownFileType = text.plist.xml; path = Info.plist; sourceTree = "<group>"; };
		904DC9722A8B78F800115DCC /* FavoriteViewController.swift */ = {isa = PBXFileReference; fileEncoding = 4; lastKnownFileType = sourcecode.swift; path = FavoriteViewController.swift; sourceTree = "<group>"; };
		904DC9742A8B78F800115DCC /* FavoriteViewController+Constants.swift */ = {isa = PBXFileReference; fileEncoding = 4; lastKnownFileType = sourcecode.swift; path = "FavoriteViewController+Constants.swift"; sourceTree = "<group>"; };
		904DC9772A8B78F800115DCC /* FavoriteCollectionViewCell.swift */ = {isa = PBXFileReference; fileEncoding = 4; lastKnownFileType = sourcecode.swift; path = FavoriteCollectionViewCell.swift; sourceTree = "<group>"; };
		904DC97D2A8B78F800115DCC /* MovieGenreCollectionViewCell.swift */ = {isa = PBXFileReference; fileEncoding = 4; lastKnownFileType = sourcecode.swift; path = MovieGenreCollectionViewCell.swift; sourceTree = "<group>"; };
		904DC97F2A8B78F800115DCC /* GenreCollectionViewCell+Constants.swift */ = {isa = PBXFileReference; fileEncoding = 4; lastKnownFileType = sourcecode.swift; path = "GenreCollectionViewCell+Constants.swift"; sourceTree = "<group>"; };
		904DC9822A8B78F800115DCC /* MovieCollectionViewCell+Constants.swift */ = {isa = PBXFileReference; fileEncoding = 4; lastKnownFileType = sourcecode.swift; path = "MovieCollectionViewCell+Constants.swift"; sourceTree = "<group>"; };
		904DC9832A8B78F800115DCC /* MoviesCollectionViewCell.swift */ = {isa = PBXFileReference; fileEncoding = 4; lastKnownFileType = sourcecode.swift; path = MoviesCollectionViewCell.swift; sourceTree = "<group>"; };
		904DC9852A8B78F800115DCC /* HomeViewController+Constants.swift */ = {isa = PBXFileReference; fileEncoding = 4; lastKnownFileType = sourcecode.swift; path = "HomeViewController+Constants.swift"; sourceTree = "<group>"; };
		904DC9862A8B78F800115DCC /* HomeViewController.swift */ = {isa = PBXFileReference; fileEncoding = 4; lastKnownFileType = sourcecode.swift; path = HomeViewController.swift; sourceTree = "<group>"; };
		904DC9882A8B78F800115DCC /* TabBarViewController.swift */ = {isa = PBXFileReference; fileEncoding = 4; lastKnownFileType = sourcecode.swift; path = TabBarViewController.swift; sourceTree = "<group>"; };
		904DC98C2A8B78F900115DCC /* UIView+Rotation.swift */ = {isa = PBXFileReference; fileEncoding = 4; lastKnownFileType = sourcecode.swift; path = "UIView+Rotation.swift"; sourceTree = "<group>"; };
		904DC98F2A8B78F900115DCC /* SearchView.swift */ = {isa = PBXFileReference; fileEncoding = 4; lastKnownFileType = sourcecode.swift; path = SearchView.swift; sourceTree = "<group>"; };
		904DC9912A8B78F900115DCC /* SearchView+Constants.swift */ = {isa = PBXFileReference; fileEncoding = 4; lastKnownFileType = sourcecode.swift; path = "SearchView+Constants.swift"; sourceTree = "<group>"; };
		904DC9932A8B78F900115DCC /* TabBarEnum.swift */ = {isa = PBXFileReference; fileEncoding = 4; lastKnownFileType = sourcecode.swift; path = TabBarEnum.swift; sourceTree = "<group>"; };
		904DC9962A8B78F900115DCC /* FilterImageView+Constants.swift */ = {isa = PBXFileReference; fileEncoding = 4; lastKnownFileType = sourcecode.swift; path = "FilterImageView+Constants.swift"; sourceTree = "<group>"; };
		904DC9972A8B78F900115DCC /* FilterButtonView.swift */ = {isa = PBXFileReference; fileEncoding = 4; lastKnownFileType = sourcecode.swift; path = FilterButtonView.swift; sourceTree = "<group>"; };
		904DC99B2A8B78F900115DCC /* EmptyViewStates+Constants.swift */ = {isa = PBXFileReference; fileEncoding = 4; lastKnownFileType = sourcecode.swift; path = "EmptyViewStates+Constants.swift"; sourceTree = "<group>"; };
		904DC99C2A8B78F900115DCC /* EmptyStateView.swift */ = {isa = PBXFileReference; fileEncoding = 4; lastKnownFileType = sourcecode.swift; path = EmptyStateView.swift; sourceTree = "<group>"; };
		904DC99E2A8B78F900115DCC /* ErrorStateView.swift */ = {isa = PBXFileReference; fileEncoding = 4; lastKnownFileType = sourcecode.swift; path = ErrorStateView.swift; sourceTree = "<group>"; };
		904DC9A02A8B78F900115DCC /* ErrorStateView+Constants.swift */ = {isa = PBXFileReference; fileEncoding = 4; lastKnownFileType = sourcecode.swift; path = "ErrorStateView+Constants.swift"; sourceTree = "<group>"; };
		904DC9A22A8B78F900115DCC /* Movie.swift */ = {isa = PBXFileReference; fileEncoding = 4; lastKnownFileType = sourcecode.swift; path = Movie.swift; sourceTree = "<group>"; };
		904DC9A42A8B78F900115DCC /* MockData.swift */ = {isa = PBXFileReference; fileEncoding = 4; lastKnownFileType = sourcecode.swift; path = MockData.swift; sourceTree = "<group>"; };
		904DC9A52A8B78F900115DCC /* README.md */ = {isa = PBXFileReference; fileEncoding = 4; lastKnownFileType = net.daringfireball.markdown; path = README.md; sourceTree = "<group>"; };
		904DC9BE2A8B7B6800115DCC /* FavoriteViewCell+Constants.swift */ = {isa = PBXFileReference; lastKnownFileType = sourcecode.swift; path = "FavoriteViewCell+Constants.swift"; sourceTree = "<group>"; };
		904DC9C22A8B805000115DCC /* MovieDetailsViewController+Constants.swift */ = {isa = PBXFileReference; lastKnownFileType = sourcecode.swift; path = "MovieDetailsViewController+Constants.swift"; sourceTree = "<group>"; };
		904DC9C42A8B808700115DCC /* MovieDetailsController.swift */ = {isa = PBXFileReference; lastKnownFileType = sourcecode.swift; path = MovieDetailsController.swift; sourceTree = "<group>"; };
/* End PBXFileReference section */

/* Begin PBXFrameworksBuildPhase section */
		90315A602A8B74FA00D2258D /* Frameworks */ = {
			isa = PBXFrameworksBuildPhase;
			buildActionMask = 2147483647;
			files = (
			);
			runOnlyForDeploymentPostprocessing = 0;
		};
/* End PBXFrameworksBuildPhase section */

/* Begin PBXGroup section */
		90315A5A2A8B74FA00D2258D = {
			isa = PBXGroup;
			children = (
				90315A652A8B74FA00D2258D /* Movies */,
				90315A642A8B74FA00D2258D /* Products */,
			);
			sourceTree = "<group>";
		};
		90315A642A8B74FA00D2258D /* Products */ = {
			isa = PBXGroup;
			children = (
				90315A632A8B74FA00D2258D /* Movies.app */,
			);
			name = Products;
			sourceTree = "<group>";
		};
		90315A652A8B74FA00D2258D /* Movies */ = {
			isa = PBXGroup;
			children = (
				904DC9892A8B78F900115DCC /* Core */,
				904DC9702A8B78F800115DCC /* Scene */,
				904DC9BD2A8B796500115DCC /* App */,
				90315A722A8B74FD00D2258D /* Assets.xcassets */,
				90315A742A8B74FD00D2258D /* LaunchScreen.storyboard */,
				904DC9A52A8B78F900115DCC /* README.md */,
				90315A772A8B74FD00D2258D /* Info.plist */,
				90315A6F2A8B74FB00D2258D /* Movies.xcdatamodeld */,
			);
			path = Movies;
			sourceTree = "<group>";
		};
		904DC9702A8B78F800115DCC /* Scene */ = {
			isa = PBXGroup;
			children = (
				904DC9C02A8B802F00115DCC /* MovieDetailsController */,
				904DC9712A8B78F800115DCC /* FavoriteViewController */,
				904DC97A2A8B78F800115DCC /* HomeViewController */,
				904DC9872A8B78F800115DCC /* TabBarController */,
			);
			path = Scene;
			sourceTree = "<group>";
		};
		904DC9712A8B78F800115DCC /* FavoriteViewController */ = {
			isa = PBXGroup;
			children = (
				904DC9732A8B78F800115DCC /* FavoriteViewController+Constants */,
				904DC9752A8B78F800115DCC /* FavoriteCollectionViewCell */,
				904DC9722A8B78F800115DCC /* FavoriteViewController.swift */,
			);
			path = FavoriteViewController;
			sourceTree = "<group>";
		};
		904DC9732A8B78F800115DCC /* FavoriteViewController+Constants */ = {
			isa = PBXGroup;
			children = (
				904DC9742A8B78F800115DCC /* FavoriteViewController+Constants.swift */,
			);
			path = "FavoriteViewController+Constants";
			sourceTree = "<group>";
		};
		904DC9752A8B78F800115DCC /* FavoriteCollectionViewCell */ = {
			isa = PBXGroup;
			children = (
				904DC9762A8B78F800115DCC /* FavoriteCollectionViewCell+Constants */,
				904DC9772A8B78F800115DCC /* FavoriteCollectionViewCell.swift */,
			);
			path = FavoriteCollectionViewCell;
			sourceTree = "<group>";
		};
		904DC9762A8B78F800115DCC /* FavoriteCollectionViewCell+Constants */ = {
			isa = PBXGroup;
			children = (
				904DC9BE2A8B7B6800115DCC /* FavoriteViewCell+Constants.swift */,
			);
			path = "FavoriteCollectionViewCell+Constants";
			sourceTree = "<group>";
		};
		904DC97A2A8B78F800115DCC /* HomeViewController */ = {
			isa = PBXGroup;
			children = (
				904DC97B2A8B78F800115DCC /* CollectionView */,
				904DC9842A8B78F800115DCC /* HomeViewController+Constants */,
				904DC9862A8B78F800115DCC /* HomeViewController.swift */,
			);
			path = HomeViewController;
			sourceTree = "<group>";
		};
		904DC97B2A8B78F800115DCC /* CollectionView */ = {
			isa = PBXGroup;
			children = (
				904DC97C2A8B78F800115DCC /* GenreCollectionViewCell */,
				904DC9802A8B78F800115DCC /* MovieCollectionViewCell */,
			);
			path = CollectionView;
			sourceTree = "<group>";
		};
		904DC97C2A8B78F800115DCC /* GenreCollectionViewCell */ = {
			isa = PBXGroup;
			children = (
				904DC97D2A8B78F800115DCC /* MovieGenreCollectionViewCell.swift */,
				904DC97E2A8B78F800115DCC /* CollectionViewCell+Constants */,
			);
			path = GenreCollectionViewCell;
			sourceTree = "<group>";
		};
		904DC97E2A8B78F800115DCC /* CollectionViewCell+Constants */ = {
			isa = PBXGroup;
			children = (
				904DC97F2A8B78F800115DCC /* GenreCollectionViewCell+Constants.swift */,
			);
			path = "CollectionViewCell+Constants";
			sourceTree = "<group>";
		};
		904DC9802A8B78F800115DCC /* MovieCollectionViewCell */ = {
			isa = PBXGroup;
			children = (
				904DC9812A8B78F800115DCC /* MovieCollectionViewCell+Constants */,
				904DC9832A8B78F800115DCC /* MoviesCollectionViewCell.swift */,
			);
			path = MovieCollectionViewCell;
			sourceTree = "<group>";
		};
		904DC9812A8B78F800115DCC /* MovieCollectionViewCell+Constants */ = {
			isa = PBXGroup;
			children = (
				904DC9822A8B78F800115DCC /* MovieCollectionViewCell+Constants.swift */,
			);
			path = "MovieCollectionViewCell+Constants";
			sourceTree = "<group>";
		};
		904DC9842A8B78F800115DCC /* HomeViewController+Constants */ = {
			isa = PBXGroup;
			children = (
				904DC9852A8B78F800115DCC /* HomeViewController+Constants.swift */,
			);
			path = "HomeViewController+Constants";
			sourceTree = "<group>";
		};
		904DC9872A8B78F800115DCC /* TabBarController */ = {
			isa = PBXGroup;
			children = (
				904DC9882A8B78F800115DCC /* TabBarViewController.swift */,
			);
			path = TabBarController;
			sourceTree = "<group>";
		};
		904DC9892A8B78F900115DCC /* Core */ = {
			isa = PBXGroup;
			children = (
				904DC98A2A8B78F900115DCC /* Extension */,
				904DC98D2A8B78F900115DCC /* Custom UI */,
				904DC9A12A8B78F900115DCC /* Model */,
				904DC9A32A8B78F900115DCC /* Data */,
			);
			path = Core;
			sourceTree = "<group>";
		};
		904DC98A2A8B78F900115DCC /* Extension */ = {
			isa = PBXGroup;
			children = (
				904DC98B2A8B78F900115DCC /* UIVIew+Rotation */,
			);
			path = Extension;
			sourceTree = "<group>";
		};
		904DC98B2A8B78F900115DCC /* UIVIew+Rotation */ = {
			isa = PBXGroup;
			children = (
				904DC98C2A8B78F900115DCC /* UIView+Rotation.swift */,
			);
			path = "UIVIew+Rotation";
			sourceTree = "<group>";
		};
		904DC98D2A8B78F900115DCC /* Custom UI */ = {
			isa = PBXGroup;
			children = (
				904DC98E2A8B78F900115DCC /* SearchView */,
				904DC9922A8B78F900115DCC /* TabBarEnum */,
				904DC9942A8B78F900115DCC /* FilterImageView */,
				904DC9982A8B78F900115DCC /* StatesView */,
			);
			path = "Custom UI";
			sourceTree = "<group>";
		};
		904DC98E2A8B78F900115DCC /* SearchView */ = {
			isa = PBXGroup;
			children = (
				904DC98F2A8B78F900115DCC /* SearchView.swift */,
				904DC9902A8B78F900115DCC /* SearchView+Constants */,
			);
			path = SearchView;
			sourceTree = "<group>";
		};
		904DC9902A8B78F900115DCC /* SearchView+Constants */ = {
			isa = PBXGroup;
			children = (
				904DC9912A8B78F900115DCC /* SearchView+Constants.swift */,
			);
			path = "SearchView+Constants";
			sourceTree = "<group>";
		};
		904DC9922A8B78F900115DCC /* TabBarEnum */ = {
			isa = PBXGroup;
			children = (
				904DC9932A8B78F900115DCC /* TabBarEnum.swift */,
			);
			path = TabBarEnum;
			sourceTree = "<group>";
		};
		904DC9942A8B78F900115DCC /* FilterImageView */ = {
			isa = PBXGroup;
			children = (
				904DC9952A8B78F900115DCC /* FilterImageView+Constants */,
				904DC9972A8B78F900115DCC /* FilterButtonView.swift */,
			);
			path = FilterImageView;
			sourceTree = "<group>";
		};
		904DC9952A8B78F900115DCC /* FilterImageView+Constants */ = {
			isa = PBXGroup;
			children = (
				904DC9962A8B78F900115DCC /* FilterImageView+Constants.swift */,
			);
			path = "FilterImageView+Constants";
			sourceTree = "<group>";
		};
		904DC9982A8B78F900115DCC /* StatesView */ = {
			isa = PBXGroup;
			children = (
				904DC9992A8B78F900115DCC /* EmptyStateView */,
				904DC99D2A8B78F900115DCC /* ErrorStateView */,
			);
			path = StatesView;
			sourceTree = "<group>";
		};
		904DC9992A8B78F900115DCC /* EmptyStateView */ = {
			isa = PBXGroup;
			children = (
				904DC99A2A8B78F900115DCC /* EmptyViewStates+Constants */,
				904DC99C2A8B78F900115DCC /* EmptyStateView.swift */,
			);
			path = EmptyStateView;
			sourceTree = "<group>";
		};
		904DC99A2A8B78F900115DCC /* EmptyViewStates+Constants */ = {
			isa = PBXGroup;
			children = (
				904DC99B2A8B78F900115DCC /* EmptyViewStates+Constants.swift */,
			);
			path = "EmptyViewStates+Constants";
			sourceTree = "<group>";
		};
		904DC99D2A8B78F900115DCC /* ErrorStateView */ = {
			isa = PBXGroup;
			children = (
				904DC99E2A8B78F900115DCC /* ErrorStateView.swift */,
				904DC99F2A8B78F900115DCC /* ErrorStateView+Constants */,
			);
			path = ErrorStateView;
			sourceTree = "<group>";
		};
		904DC99F2A8B78F900115DCC /* ErrorStateView+Constants */ = {
			isa = PBXGroup;
			children = (
				904DC9A02A8B78F900115DCC /* ErrorStateView+Constants.swift */,
			);
			path = "ErrorStateView+Constants";
			sourceTree = "<group>";
		};
		904DC9A12A8B78F900115DCC /* Model */ = {
			isa = PBXGroup;
			children = (
				904DC9A22A8B78F900115DCC /* Movie.swift */,
			);
			path = Model;
			sourceTree = "<group>";
		};
		904DC9A32A8B78F900115DCC /* Data */ = {
			isa = PBXGroup;
			children = (
				904DC9A42A8B78F900115DCC /* MockData.swift */,
			);
			path = Data;
			sourceTree = "<group>";
		};
		904DC9BD2A8B796500115DCC /* App */ = {
			isa = PBXGroup;
			children = (
				90315A662A8B74FA00D2258D /* AppDelegate.swift */,
				90315A682A8B74FA00D2258D /* SceneDelegate.swift */,
			);
			path = App;
			sourceTree = "<group>";
		};
		904DC9C02A8B802F00115DCC /* MovieDetailsController */ = {
			isa = PBXGroup;
			children = (
				904DC9C12A8B804000115DCC /* MovieDetailsViewController+Constants */,
				904DC9C42A8B808700115DCC /* MovieDetailsController.swift */,
			);
			path = MovieDetailsController;
			sourceTree = "<group>";
		};
		904DC9C12A8B804000115DCC /* MovieDetailsViewController+Constants */ = {
			isa = PBXGroup;
			children = (
				904DC9C22A8B805000115DCC /* MovieDetailsViewController+Constants.swift */,
			);
			path = "MovieDetailsViewController+Constants";
			sourceTree = "<group>";
		};
/* End PBXGroup section */

/* Begin PBXNativeTarget section */
		90315A622A8B74FA00D2258D /* Movies */ = {
			isa = PBXNativeTarget;
			buildConfigurationList = 90315A7A2A8B74FD00D2258D /* Build configuration list for PBXNativeTarget "Movies" */;
			buildPhases = (
				90315A5F2A8B74FA00D2258D /* Sources */,
				90315A602A8B74FA00D2258D /* Frameworks */,
				90315A612A8B74FA00D2258D /* Resources */,
			);
			buildRules = (
			);
			dependencies = (
			);
			name = Movies;
			productName = Movies;
			productReference = 90315A632A8B74FA00D2258D /* Movies.app */;
			productType = "com.apple.product-type.application";
		};
/* End PBXNativeTarget section */

/* Begin PBXProject section */
		90315A5B2A8B74FA00D2258D /* Project object */ = {
			isa = PBXProject;
			attributes = {
				BuildIndependentTargetsInParallel = 1;
				LastSwiftUpdateCheck = 1430;
				LastUpgradeCheck = 1430;
				TargetAttributes = {
					90315A622A8B74FA00D2258D = {
						CreatedOnToolsVersion = 14.3;
					};
				};
			};
			buildConfigurationList = 90315A5E2A8B74FA00D2258D /* Build configuration list for PBXProject "Movies" */;
			compatibilityVersion = "Xcode 14.0";
			developmentRegion = en;
			hasScannedForEncodings = 0;
			knownRegions = (
				en,
				Base,
			);
			mainGroup = 90315A5A2A8B74FA00D2258D;
			productRefGroup = 90315A642A8B74FA00D2258D /* Products */;
			projectDirPath = "";
			projectRoot = "";
			targets = (
				90315A622A8B74FA00D2258D /* Movies */,
			);
		};
/* End PBXProject section */

/* Begin PBXResourcesBuildPhase section */
		90315A612A8B74FA00D2258D /* Resources */ = {
			isa = PBXResourcesBuildPhase;
			buildActionMask = 2147483647;
			files = (
				90315A762A8B74FD00D2258D /* LaunchScreen.storyboard in Resources */,
				90315A732A8B74FD00D2258D /* Assets.xcassets in Resources */,
				904DC9BC2A8B78F900115DCC /* README.md in Resources */,
			);
			runOnlyForDeploymentPostprocessing = 0;
		};
/* End PBXResourcesBuildPhase section */

/* Begin PBXSourcesBuildPhase section */
		90315A5F2A8B74FA00D2258D /* Sources */ = {
			isa = PBXSourcesBuildPhase;
			buildActionMask = 2147483647;
			files = (
				904DC9B32A8B78F900115DCC /* TabBarEnum.swift in Sources */,
				904DC9AD2A8B78F900115DCC /* HomeViewController+Constants.swift in Sources */,
				904DC9BB2A8B78F900115DCC /* MockData.swift in Sources */,
				904DC9B02A8B78F900115DCC /* UIView+Rotation.swift in Sources */,
				904DC9BA2A8B78F900115DCC /* Movie.swift in Sources */,
				904DC9A92A8B78F900115DCC /* MovieGenreCollectionViewCell.swift in Sources */,
				904DC9AC2A8B78F900115DCC /* MoviesCollectionViewCell.swift in Sources */,
				904DC9B52A8B78F900115DCC /* FilterButtonView.swift in Sources */,
				904DC9B22A8B78F900115DCC /* SearchView+Constants.swift in Sources */,
				904DC9AF2A8B78F900115DCC /* TabBarViewController.swift in Sources */,
				90315A672A8B74FA00D2258D /* AppDelegate.swift in Sources */,
				904DC9B72A8B78F900115DCC /* EmptyStateView.swift in Sources */,
				90315A712A8B74FB00D2258D /* Movies.xcdatamodeld in Sources */,
				904DC9C52A8B808700115DCC /* MovieDetailsController.swift in Sources */,
				904DC9B82A8B78F900115DCC /* ErrorStateView.swift in Sources */,
				90315A692A8B74FA00D2258D /* SceneDelegate.swift in Sources */,
				904DC9A82A8B78F900115DCC /* FavoriteCollectionViewCell.swift in Sources */,
				904DC9A72A8B78F900115DCC /* FavoriteViewController+Constants.swift in Sources */,
				904DC9AA2A8B78F900115DCC /* GenreCollectionViewCell+Constants.swift in Sources */,
				904DC9BF2A8B7B6800115DCC /* FavoriteViewCell+Constants.swift in Sources */,
				904DC9C32A8B805000115DCC /* MovieDetailsViewController+Constants.swift in Sources */,
				904DC9B12A8B78F900115DCC /* SearchView.swift in Sources */,
				904DC9A62A8B78F900115DCC /* FavoriteViewController.swift in Sources */,
				904DC9B62A8B78F900115DCC /* EmptyViewStates+Constants.swift in Sources */,
				904DC9AE2A8B78F900115DCC /* HomeViewController.swift in Sources */,
				904DC9AB2A8B78F900115DCC /* MovieCollectionViewCell+Constants.swift in Sources */,
				904DC9B42A8B78F900115DCC /* FilterImageView+Constants.swift in Sources */,
				904DC9B92A8B78F900115DCC /* ErrorStateView+Constants.swift in Sources */,
			);
			runOnlyForDeploymentPostprocessing = 0;
		};
/* End PBXSourcesBuildPhase section */

/* Begin PBXVariantGroup section */
		90315A742A8B74FD00D2258D /* LaunchScreen.storyboard */ = {
			isa = PBXVariantGroup;
			children = (
				90315A752A8B74FD00D2258D /* Base */,
			);
			name = LaunchScreen.storyboard;
			sourceTree = "<group>";
		};
/* End PBXVariantGroup section */

/* Begin XCBuildConfiguration section */
		90315A782A8B74FD00D2258D /* Debug */ = {
			isa = XCBuildConfiguration;
			buildSettings = {
				ALWAYS_SEARCH_USER_PATHS = NO;
				CLANG_ANALYZER_NONNULL = YES;
				CLANG_ANALYZER_NUMBER_OBJECT_CONVERSION = YES_AGGRESSIVE;
				CLANG_CXX_LANGUAGE_STANDARD = "gnu++20";
				CLANG_ENABLE_MODULES = YES;
				CLANG_ENABLE_OBJC_ARC = YES;
				CLANG_ENABLE_OBJC_WEAK = YES;
				CLANG_WARN_BLOCK_CAPTURE_AUTORELEASING = YES;
				CLANG_WARN_BOOL_CONVERSION = YES;
				CLANG_WARN_COMMA = YES;
				CLANG_WARN_CONSTANT_CONVERSION = YES;
				CLANG_WARN_DEPRECATED_OBJC_IMPLEMENTATIONS = YES;
				CLANG_WARN_DIRECT_OBJC_ISA_USAGE = YES_ERROR;
				CLANG_WARN_DOCUMENTATION_COMMENTS = YES;
				CLANG_WARN_EMPTY_BODY = YES;
				CLANG_WARN_ENUM_CONVERSION = YES;
				CLANG_WARN_INFINITE_RECURSION = YES;
				CLANG_WARN_INT_CONVERSION = YES;
				CLANG_WARN_NON_LITERAL_NULL_CONVERSION = YES;
				CLANG_WARN_OBJC_IMPLICIT_RETAIN_SELF = YES;
				CLANG_WARN_OBJC_LITERAL_CONVERSION = YES;
				CLANG_WARN_OBJC_ROOT_CLASS = YES_ERROR;
				CLANG_WARN_QUOTED_INCLUDE_IN_FRAMEWORK_HEADER = YES;
				CLANG_WARN_RANGE_LOOP_ANALYSIS = YES;
				CLANG_WARN_STRICT_PROTOTYPES = YES;
				CLANG_WARN_SUSPICIOUS_MOVE = YES;
				CLANG_WARN_UNGUARDED_AVAILABILITY = YES_AGGRESSIVE;
				CLANG_WARN_UNREACHABLE_CODE = YES;
				CLANG_WARN__DUPLICATE_METHOD_MATCH = YES;
				COPY_PHASE_STRIP = NO;
				DEBUG_INFORMATION_FORMAT = dwarf;
				ENABLE_STRICT_OBJC_MSGSEND = YES;
				ENABLE_TESTABILITY = YES;
				GCC_C_LANGUAGE_STANDARD = gnu11;
				GCC_DYNAMIC_NO_PIC = NO;
				GCC_NO_COMMON_BLOCKS = YES;
				GCC_OPTIMIZATION_LEVEL = 0;
				GCC_PREPROCESSOR_DEFINITIONS = (
					"DEBUG=1",
					"$(inherited)",
				);
				GCC_WARN_64_TO_32_BIT_CONVERSION = YES;
				GCC_WARN_ABOUT_RETURN_TYPE = YES_ERROR;
				GCC_WARN_UNDECLARED_SELECTOR = YES;
				GCC_WARN_UNINITIALIZED_AUTOS = YES_AGGRESSIVE;
				GCC_WARN_UNUSED_FUNCTION = YES;
				GCC_WARN_UNUSED_VARIABLE = YES;
				IPHONEOS_DEPLOYMENT_TARGET = 16.4;
				MTL_ENABLE_DEBUG_INFO = INCLUDE_SOURCE;
				MTL_FAST_MATH = YES;
				ONLY_ACTIVE_ARCH = YES;
				SDKROOT = iphoneos;
				SWIFT_ACTIVE_COMPILATION_CONDITIONS = DEBUG;
				SWIFT_OPTIMIZATION_LEVEL = "-Onone";
			};
			name = Debug;
		};
		90315A792A8B74FD00D2258D /* Release */ = {
			isa = XCBuildConfiguration;
			buildSettings = {
				ALWAYS_SEARCH_USER_PATHS = NO;
				CLANG_ANALYZER_NONNULL = YES;
				CLANG_ANALYZER_NUMBER_OBJECT_CONVERSION = YES_AGGRESSIVE;
				CLANG_CXX_LANGUAGE_STANDARD = "gnu++20";
				CLANG_ENABLE_MODULES = YES;
				CLANG_ENABLE_OBJC_ARC = YES;
				CLANG_ENABLE_OBJC_WEAK = YES;
				CLANG_WARN_BLOCK_CAPTURE_AUTORELEASING = YES;
				CLANG_WARN_BOOL_CONVERSION = YES;
				CLANG_WARN_COMMA = YES;
				CLANG_WARN_CONSTANT_CONVERSION = YES;
				CLANG_WARN_DEPRECATED_OBJC_IMPLEMENTATIONS = YES;
				CLANG_WARN_DIRECT_OBJC_ISA_USAGE = YES_ERROR;
				CLANG_WARN_DOCUMENTATION_COMMENTS = YES;
				CLANG_WARN_EMPTY_BODY = YES;
				CLANG_WARN_ENUM_CONVERSION = YES;
				CLANG_WARN_INFINITE_RECURSION = YES;
				CLANG_WARN_INT_CONVERSION = YES;
				CLANG_WARN_NON_LITERAL_NULL_CONVERSION = YES;
				CLANG_WARN_OBJC_IMPLICIT_RETAIN_SELF = YES;
				CLANG_WARN_OBJC_LITERAL_CONVERSION = YES;
				CLANG_WARN_OBJC_ROOT_CLASS = YES_ERROR;
				CLANG_WARN_QUOTED_INCLUDE_IN_FRAMEWORK_HEADER = YES;
				CLANG_WARN_RANGE_LOOP_ANALYSIS = YES;
				CLANG_WARN_STRICT_PROTOTYPES = YES;
				CLANG_WARN_SUSPICIOUS_MOVE = YES;
				CLANG_WARN_UNGUARDED_AVAILABILITY = YES_AGGRESSIVE;
				CLANG_WARN_UNREACHABLE_CODE = YES;
				CLANG_WARN__DUPLICATE_METHOD_MATCH = YES;
				COPY_PHASE_STRIP = NO;
				DEBUG_INFORMATION_FORMAT = "dwarf-with-dsym";
				ENABLE_NS_ASSERTIONS = NO;
				ENABLE_STRICT_OBJC_MSGSEND = YES;
				GCC_C_LANGUAGE_STANDARD = gnu11;
				GCC_NO_COMMON_BLOCKS = YES;
				GCC_WARN_64_TO_32_BIT_CONVERSION = YES;
				GCC_WARN_ABOUT_RETURN_TYPE = YES_ERROR;
				GCC_WARN_UNDECLARED_SELECTOR = YES;
				GCC_WARN_UNINITIALIZED_AUTOS = YES_AGGRESSIVE;
				GCC_WARN_UNUSED_FUNCTION = YES;
				GCC_WARN_UNUSED_VARIABLE = YES;
				IPHONEOS_DEPLOYMENT_TARGET = 16.4;
				MTL_ENABLE_DEBUG_INFO = NO;
				MTL_FAST_MATH = YES;
				SDKROOT = iphoneos;
				SWIFT_COMPILATION_MODE = wholemodule;
				SWIFT_OPTIMIZATION_LEVEL = "-O";
				VALIDATE_PRODUCT = YES;
			};
			name = Release;
		};
		90315A7B2A8B74FD00D2258D /* Debug */ = {
			isa = XCBuildConfiguration;
			buildSettings = {
				ASSETCATALOG_COMPILER_APPICON_NAME = AppIcon;
				ASSETCATALOG_COMPILER_GLOBAL_ACCENT_COLOR_NAME = AccentColor;
				CODE_SIGN_STYLE = Automatic;
				CURRENT_PROJECT_VERSION = 1;
				GENERATE_INFOPLIST_FILE = YES;
				INFOPLIST_FILE = Movies/Info.plist;
				INFOPLIST_KEY_UIApplicationSupportsIndirectInputEvents = YES;
				INFOPLIST_KEY_UILaunchStoryboardName = LaunchScreen;
				INFOPLIST_KEY_UISupportedInterfaceOrientations_iPad = "UIInterfaceOrientationPortrait UIInterfaceOrientationPortraitUpsideDown UIInterfaceOrientationLandscapeLeft UIInterfaceOrientationLandscapeRight";
				INFOPLIST_KEY_UISupportedInterfaceOrientations_iPhone = "UIInterfaceOrientationPortrait UIInterfaceOrientationLandscapeLeft UIInterfaceOrientationLandscapeRight";
				LD_RUNPATH_SEARCH_PATHS = (
					"$(inherited)",
					"@executable_path/Frameworks",
				);
				MARKETING_VERSION = 1.0;
				PRODUCT_BUNDLE_IDENTIFIER = privateOrganization.Movies;
				PRODUCT_NAME = "$(TARGET_NAME)";
				SWIFT_EMIT_LOC_STRINGS = YES;
				SWIFT_VERSION = 5.0;
				TARGETED_DEVICE_FAMILY = "1,2";
			};
			name = Debug;
		};
		90315A7C2A8B74FD00D2258D /* Release */ = {
			isa = XCBuildConfiguration;
			buildSettings = {
				ASSETCATALOG_COMPILER_APPICON_NAME = AppIcon;
				ASSETCATALOG_COMPILER_GLOBAL_ACCENT_COLOR_NAME = AccentColor;
				CODE_SIGN_STYLE = Automatic;
				CURRENT_PROJECT_VERSION = 1;
				GENERATE_INFOPLIST_FILE = YES;
				INFOPLIST_FILE = Movies/Info.plist;
				INFOPLIST_KEY_UIApplicationSupportsIndirectInputEvents = YES;
				INFOPLIST_KEY_UILaunchStoryboardName = LaunchScreen;
				INFOPLIST_KEY_UISupportedInterfaceOrientations_iPad = "UIInterfaceOrientationPortrait UIInterfaceOrientationPortraitUpsideDown UIInterfaceOrientationLandscapeLeft UIInterfaceOrientationLandscapeRight";
				INFOPLIST_KEY_UISupportedInterfaceOrientations_iPhone = "UIInterfaceOrientationPortrait UIInterfaceOrientationLandscapeLeft UIInterfaceOrientationLandscapeRight";
				LD_RUNPATH_SEARCH_PATHS = (
					"$(inherited)",
					"@executable_path/Frameworks",
				);
				MARKETING_VERSION = 1.0;
				PRODUCT_BUNDLE_IDENTIFIER = privateOrganization.Movies;
				PRODUCT_NAME = "$(TARGET_NAME)";
				SWIFT_EMIT_LOC_STRINGS = YES;
				SWIFT_VERSION = 5.0;
				TARGETED_DEVICE_FAMILY = "1,2";
			};
			name = Release;
		};
/* End XCBuildConfiguration section */

/* Begin XCConfigurationList section */
		90315A5E2A8B74FA00D2258D /* Build configuration list for PBXProject "Movies" */ = {
			isa = XCConfigurationList;
			buildConfigurations = (
				90315A782A8B74FD00D2258D /* Debug */,
				90315A792A8B74FD00D2258D /* Release */,
			);
			defaultConfigurationIsVisible = 0;
			defaultConfigurationName = Release;
		};
		90315A7A2A8B74FD00D2258D /* Build configuration list for PBXNativeTarget "Movies" */ = {
			isa = XCConfigurationList;
			buildConfigurations = (
				90315A7B2A8B74FD00D2258D /* Debug */,
				90315A7C2A8B74FD00D2258D /* Release */,
			);
			defaultConfigurationIsVisible = 0;
			defaultConfigurationName = Release;
		};
/* End XCConfigurationList section */

/* Begin XCVersionGroup section */
		90315A6F2A8B74FB00D2258D /* Movies.xcdatamodeld */ = {
			isa = XCVersionGroup;
			children = (
				90315A702A8B74FB00D2258D /* Movies.xcdatamodel */,
			);
			currentVersion = 90315A702A8B74FB00D2258D /* Movies.xcdatamodel */;
			path = Movies.xcdatamodeld;
			sourceTree = "<group>";
			versionGroupType = wrapper.xcdatamodel;
		};
/* End XCVersionGroup section */
	};
	rootObject = 90315A5B2A8B74FA00D2258D /* Project object */;
}
